// !$*UTF8*$!
{
	archiveVersion = 1;
	classes = {
	};
	objectVersion = 56;
	objects = {

/* Begin PBXBuildFile section */
		343F2CB82AA65C7A00277D62 /* AppDelegate.swift in Sources */ = {isa = PBXBuildFile; fileRef = 343F2CB72AA65C7A00277D62 /* AppDelegate.swift */; };
		343F2CBA2AA65C7A00277D62 /* SceneDelegate.swift in Sources */ = {isa = PBXBuildFile; fileRef = 343F2CB92AA65C7A00277D62 /* SceneDelegate.swift */; };
		343F2CBC2AA65C7A00277D62 /* ViewController.swift in Sources */ = {isa = PBXBuildFile; fileRef = 343F2CBB2AA65C7A00277D62 /* ViewController.swift */; };
		343F2CBF2AA65C7A00277D62 /* Main.storyboard in Resources */ = {isa = PBXBuildFile; fileRef = 343F2CBD2AA65C7A00277D62 /* Main.storyboard */; };
		343F2CC12AA65C7B00277D62 /* Assets.xcassets in Resources */ = {isa = PBXBuildFile; fileRef = 343F2CC02AA65C7B00277D62 /* Assets.xcassets */; };
		343F2CC42AA65C7B00277D62 /* LaunchScreen.storyboard in Resources */ = {isa = PBXBuildFile; fileRef = 343F2CC22AA65C7B00277D62 /* LaunchScreen.storyboard */; };
		343F2CCC2AA65D4000277D62 /* KisiHucreTableViewCell.swift in Sources */ = {isa = PBXBuildFile; fileRef = 343F2CCB2AA65D4000277D62 /* KisiHucreTableViewCell.swift */; };
		343F2CCE2AA65E9300277D62 /* KisiEkleViewController.swift in Sources */ = {isa = PBXBuildFile; fileRef = 343F2CCD2AA65E9300277D62 /* KisiEkleViewController.swift */; };
		343F2CD02AA65E9E00277D62 /* KisiGuncelleViewController.swift in Sources */ = {isa = PBXBuildFile; fileRef = 343F2CCF2AA65E9E00277D62 /* KisiGuncelleViewController.swift */; };
		343F2CD22AA65EA800277D62 /* KisiDetayViewController.swift in Sources */ = {isa = PBXBuildFile; fileRef = 343F2CD12AA65EA800277D62 /* KisiDetayViewController.swift */; };
		343F2CDE2AA66DFD00277D62 /* KisilerUygulamasi.xcdatamodeld in Sources */ = {isa = PBXBuildFile; fileRef = 343F2CDC2AA66DFD00277D62 /* KisilerUygulamasi.xcdatamodeld */; };
/* End PBXBuildFile section */

/* Begin PBXFileReference section */
		343F2CB42AA65C7A00277D62 /* RehberUygulaması.app */ = {isa = PBXFileReference; explicitFileType = wrapper.application; includeInIndex = 0; path = "RehberUygulaması.app"; sourceTree = BUILT_PRODUCTS_DIR; };
		343F2CB72AA65C7A00277D62 /* AppDelegate.swift */ = {isa = PBXFileReference; lastKnownFileType = sourcecode.swift; path = AppDelegate.swift; sourceTree = "<group>"; };
		343F2CB92AA65C7A00277D62 /* SceneDelegate.swift */ = {isa = PBXFileReference; lastKnownFileType = sourcecode.swift; path = SceneDelegate.swift; sourceTree = "<group>"; };
		343F2CBB2AA65C7A00277D62 /* ViewController.swift */ = {isa = PBXFileReference; lastKnownFileType = sourcecode.swift; path = ViewController.swift; sourceTree = "<group>"; };
		343F2CBE2AA65C7A00277D62 /* Base */ = {isa = PBXFileReference; lastKnownFileType = file.storyboard; name = Base; path = Base.lproj/Main.storyboard; sourceTree = "<group>"; };
		343F2CC02AA65C7B00277D62 /* Assets.xcassets */ = {isa = PBXFileReference; lastKnownFileType = folder.assetcatalog; path = Assets.xcassets; sourceTree = "<group>"; };
		343F2CC32AA65C7B00277D62 /* Base */ = {isa = PBXFileReference; lastKnownFileType = file.storyboard; name = Base; path = Base.lproj/LaunchScreen.storyboard; sourceTree = "<group>"; };
		343F2CC52AA65C7B00277D62 /* Info.plist */ = {isa = PBXFileReference; lastKnownFileType = text.plist.xml; path = Info.plist; sourceTree = "<group>"; };
		343F2CCB2AA65D4000277D62 /* KisiHucreTableViewCell.swift */ = {isa = PBXFileReference; lastKnownFileType = sourcecode.swift; path = KisiHucreTableViewCell.swift; sourceTree = "<group>"; };
		343F2CCD2AA65E9300277D62 /* KisiEkleViewController.swift */ = {isa = PBXFileReference; lastKnownFileType = sourcecode.swift; path = KisiEkleViewController.swift; sourceTree = "<group>"; };
		343F2CCF2AA65E9E00277D62 /* KisiGuncelleViewController.swift */ = {isa = PBXFileReference; lastKnownFileType = sourcecode.swift; path = KisiGuncelleViewController.swift; sourceTree = "<group>"; };
		343F2CD12AA65EA800277D62 /* KisiDetayViewController.swift */ = {isa = PBXFileReference; lastKnownFileType = sourcecode.swift; path = KisiDetayViewController.swift; sourceTree = "<group>"; };
		343F2CDD2AA66DFD00277D62 /* KisilerUygulamasi.xcdatamodel */ = {isa = PBXFileReference; lastKnownFileType = wrapper.xcdatamodel; path = KisilerUygulamasi.xcdatamodel; sourceTree = "<group>"; };
/* End PBXFileReference section */

/* Begin PBXFrameworksBuildPhase section */
		343F2CB12AA65C7A00277D62 /* Frameworks */ = {
			isa = PBXFrameworksBuildPhase;
			buildActionMask = 2147483647;
			files = (
			);
			runOnlyForDeploymentPostprocessing = 0;
		};
/* End PBXFrameworksBuildPhase section */

/* Begin PBXGroup section */
		343F2CAB2AA65C7A00277D62 = {
			isa = PBXGroup;
			children = (
				343F2CB62AA65C7A00277D62 /* RehberUygulaması */,
				343F2CB52AA65C7A00277D62 /* Products */,
			);
			sourceTree = "<group>";
		};
		343F2CB52AA65C7A00277D62 /* Products */ = {
			isa = PBXGroup;
			children = (
				343F2CB42AA65C7A00277D62 /* RehberUygulaması.app */,
			);
			name = Products;
			sourceTree = "<group>";
		};
		343F2CB62AA65C7A00277D62 /* RehberUygulaması */ = {
			isa = PBXGroup;
			children = (
				343F2CB72AA65C7A00277D62 /* AppDelegate.swift */,
				343F2CB92AA65C7A00277D62 /* SceneDelegate.swift */,
				343F2CBD2AA65C7A00277D62 /* Main.storyboard */,
				343F2CBB2AA65C7A00277D62 /* ViewController.swift */,
				343F2CCD2AA65E9300277D62 /* KisiEkleViewController.swift */,
				343F2CCF2AA65E9E00277D62 /* KisiGuncelleViewController.swift */,
				343F2CD12AA65EA800277D62 /* KisiDetayViewController.swift */,
				343F2CC02AA65C7B00277D62 /* Assets.xcassets */,
				343F2CC22AA65C7B00277D62 /* LaunchScreen.storyboard */,
				343F2CC52AA65C7B00277D62 /* Info.plist */,
				343F2CCB2AA65D4000277D62 /* KisiHucreTableViewCell.swift */,
				343F2CDC2AA66DFD00277D62 /* KisilerUygulamasi.xcdatamodeld */,
			);
			path = "RehberUygulaması";
			sourceTree = "<group>";
		};
/* End PBXGroup section */

/* Begin PBXNativeTarget section */
		343F2CB32AA65C7A00277D62 /* RehberUygulaması */ = {
			isa = PBXNativeTarget;
			buildConfigurationList = 343F2CC82AA65C7B00277D62 /* Build configuration list for PBXNativeTarget "RehberUygulaması" */;
			buildPhases = (
				343F2CB02AA65C7A00277D62 /* Sources */,
				343F2CB12AA65C7A00277D62 /* Frameworks */,
				343F2CB22AA65C7A00277D62 /* Resources */,
			);
			buildRules = (
			);
			dependencies = (
			);
			name = "RehberUygulaması";
			productName = "RehberUygulaması";
			productReference = 343F2CB42AA65C7A00277D62 /* RehberUygulaması.app */;
			productType = "com.apple.product-type.application";
		};
/* End PBXNativeTarget section */

/* Begin PBXProject section */
		343F2CAC2AA65C7A00277D62 /* Project object */ = {
			isa = PBXProject;
			attributes = {
				BuildIndependentTargetsInParallel = 1;
				LastSwiftUpdateCheck = 1430;
				LastUpgradeCheck = 1430;
				TargetAttributes = {
					343F2CB32AA65C7A00277D62 = {
						CreatedOnToolsVersion = 14.3.1;
					};
				};
			};
			buildConfigurationList = 343F2CAF2AA65C7A00277D62 /* Build configuration list for PBXProject "RehberUygulaması" */;
			compatibilityVersion = "Xcode 14.0";
			developmentRegion = en;
			hasScannedForEncodings = 0;
			knownRegions = (
				en,
				Base,
			);
			mainGroup = 343F2CAB2AA65C7A00277D62;
			productRefGroup = 343F2CB52AA65C7A00277D62 /* Products */;
			projectDirPath = "";
			projectRoot = "";
			targets = (
				343F2CB32AA65C7A00277D62 /* RehberUygulaması */,
			);
		};
/* End PBXProject section */

/* Begin PBXResourcesBuildPhase section */
		343F2CB22AA65C7A00277D62 /* Resources */ = {
			isa = PBXResourcesBuildPhase;
			buildActionMask = 2147483647;
			files = (
				343F2CC42AA65C7B00277D62 /* LaunchScreen.storyboard in Resources */,
				343F2CC12AA65C7B00277D62 /* Assets.xcassets in Resources */,
				343F2CBF2AA65C7A00277D62 /* Main.storyboard in Resources */,
			);
			runOnlyForDeploymentPostprocessing = 0;
		};
/* End PBXResourcesBuildPhase section */

/* Begin PBXSourcesBuildPhase section */
		343F2CB02AA65C7A00277D62 /* Sources */ = {
			isa = PBXSourcesBuildPhase;
			buildActionMask = 2147483647;
			files = (
				343F2CBC2AA65C7A00277D62 /* ViewController.swift in Sources */,
				343F2CCC2AA65D4000277D62 /* KisiHucreTableViewCell.swift in Sources */,
				343F2CDE2AA66DFD00277D62 /* KisilerUygulamasi.xcdatamodeld in Sources */,
				343F2CB82AA65C7A00277D62 /* AppDelegate.swift in Sources */,
				343F2CD22AA65EA800277D62 /* KisiDetayViewController.swift in Sources */,
				343F2CBA2AA65C7A00277D62 /* SceneDelegate.swift in Sources */,
				343F2CD02AA65E9E00277D62 /* KisiGuncelleViewController.swift in Sources */,
				343F2CCE2AA65E9300277D62 /* KisiEkleViewController.swift in Sources */,
			);
			runOnlyForDeploymentPostprocessing = 0;
		};
/* End PBXSourcesBuildPhase section */

/* Begin PBXVariantGroup section */
		343F2CBD2AA65C7A00277D62 /* Main.storyboard */ = {
			isa = PBXVariantGroup;
			children = (
				343F2CBE2AA65C7A00277D62 /* Base */,
			);
			name = Main.storyboard;
			sourceTree = "<group>";
		};
		343F2CC22AA65C7B00277D62 /* LaunchScreen.storyboard */ = {
			isa = PBXVariantGroup;
			children = (
				343F2CC32AA65C7B00277D62 /* Base */,
			);
			name = LaunchScreen.storyboard;
			sourceTree = "<group>";
		};
/* End PBXVariantGroup section */

/* Begin XCBuildConfiguration section */
		343F2CC62AA65C7B00277D62 /* Debug */ = {
			isa = XCBuildConfiguration;
			buildSettings = {
				ALWAYS_SEARCH_USER_PATHS = NO;
				CLANG_ANALYZER_NONNULL = YES;
				CLANG_ANALYZER_NUMBER_OBJECT_CONVERSION = YES_AGGRESSIVE;
				CLANG_CXX_LANGUAGE_STANDARD = "gnu++20";
				CLANG_ENABLE_MODULES = YES;
				CLANG_ENABLE_OBJC_ARC = YES;
				CLANG_ENABLE_OBJC_WEAK = YES;
				CLANG_WARN_BLOCK_CAPTURE_AUTORELEASING = YES;
				CLANG_WARN_BOOL_CONVERSION = YES;
				CLANG_WARN_COMMA = YES;
				CLANG_WARN_CONSTANT_CONVERSION = YES;
				CLANG_WARN_DEPRECATED_OBJC_IMPLEMENTATIONS = YES;
				CLANG_WARN_DIRECT_OBJC_ISA_USAGE = YES_ERROR;
				CLANG_WARN_DOCUMENTATION_COMMENTS = YES;
				CLANG_WARN_EMPTY_BODY = YES;
				CLANG_WARN_ENUM_CONVERSION = YES;
				CLANG_WARN_INFINITE_RECURSION = YES;
				CLANG_WARN_INT_CONVERSION = YES;
				CLANG_WARN_NON_LITERAL_NULL_CONVERSION = YES;
				CLANG_WARN_OBJC_IMPLICIT_RETAIN_SELF = YES;
				CLANG_WARN_OBJC_LITERAL_CONVERSION = YES;
				CLANG_WARN_OBJC_ROOT_CLASS = YES_ERROR;
				CLANG_WARN_QUOTED_INCLUDE_IN_FRAMEWORK_HEADER = YES;
				CLANG_WARN_RANGE_LOOP_ANALYSIS = YES;
				CLANG_WARN_STRICT_PROTOTYPES = YES;
				CLANG_WARN_SUSPICIOUS_MOVE = YES;
				CLANG_WARN_UNGUARDED_AVAILABILITY = YES_AGGRESSIVE;
				CLANG_WARN_UNREACHABLE_CODE = YES;
				CLANG_WARN__DUPLICATE_METHOD_MATCH = YES;
				COPY_PHASE_STRIP = NO;
				DEBUG_INFORMATION_FORMAT = dwarf;
				ENABLE_STRICT_OBJC_MSGSEND = YES;
				ENABLE_TESTABILITY = YES;
				GCC_C_LANGUAGE_STANDARD = gnu11;
				GCC_DYNAMIC_NO_PIC = NO;
				GCC_NO_COMMON_BLOCKS = YES;
				GCC_OPTIMIZATION_LEVEL = 0;
				GCC_PREPROCESSOR_DEFINITIONS = (
					"DEBUG=1",
					"$(inherited)",
				);
				GCC_WARN_64_TO_32_BIT_CONVERSION = YES;
				GCC_WARN_ABOUT_RETURN_TYPE = YES_ERROR;
				GCC_WARN_UNDECLARED_SELECTOR = YES;
				GCC_WARN_UNINITIALIZED_AUTOS = YES_AGGRESSIVE;
				GCC_WARN_UNUSED_FUNCTION = YES;
				GCC_WARN_UNUSED_VARIABLE = YES;
				IPHONEOS_DEPLOYMENT_TARGET = 16.4;
				MTL_ENABLE_DEBUG_INFO = INCLUDE_SOURCE;
				MTL_FAST_MATH = YES;
				ONLY_ACTIVE_ARCH = YES;
				SDKROOT = iphoneos;
				SWIFT_ACTIVE_COMPILATION_CONDITIONS = DEBUG;
				SWIFT_OPTIMIZATION_LEVEL = "-Onone";
			};
			name = Debug;
		};
		343F2CC72AA65C7B00277D62 /* Release */ = {
			isa = XCBuildConfiguration;
			buildSettings = {
				ALWAYS_SEARCH_USER_PATHS = NO;
				CLANG_ANALYZER_NONNULL = YES;
				CLANG_ANALYZER_NUMBER_OBJECT_CONVERSION = YES_AGGRESSIVE;
				CLANG_CXX_LANGUAGE_STANDARD = "gnu++20";
				CLANG_ENABLE_MODULES = YES;
				CLANG_ENABLE_OBJC_ARC = YES;
				CLANG_ENABLE_OBJC_WEAK = YES;
				CLANG_WARN_BLOCK_CAPTURE_AUTORELEASING = YES;
				CLANG_WARN_BOOL_CONVERSION = YES;
				CLANG_WARN_COMMA = YES;
				CLANG_WARN_CONSTANT_CONVERSION = YES;
				CLANG_WARN_DEPRECATED_OBJC_IMPLEMENTATIONS = YES;
				CLANG_WARN_DIRECT_OBJC_ISA_USAGE = YES_ERROR;
				CLANG_WARN_DOCUMENTATION_COMMENTS = YES;
				CLANG_WARN_EMPTY_BODY = YES;
				CLANG_WARN_ENUM_CONVERSION = YES;
				CLANG_WARN_INFINITE_RECURSION = YES;
				CLANG_WARN_INT_CONVERSION = YES;
				CLANG_WARN_NON_LITERAL_NULL_CONVERSION = YES;
				CLANG_WARN_OBJC_IMPLICIT_RETAIN_SELF = YES;
				CLANG_WARN_OBJC_LITERAL_CONVERSION = YES;
				CLANG_WARN_OBJC_ROOT_CLASS = YES_ERROR;
				CLANG_WARN_QUOTED_INCLUDE_IN_FRAMEWORK_HEADER = YES;
				CLANG_WARN_RANGE_LOOP_ANALYSIS = YES;
				CLANG_WARN_STRICT_PROTOTYPES = YES;
				CLANG_WARN_SUSPICIOUS_MOVE = YES;
				CLANG_WARN_UNGUARDED_AVAILABILITY = YES_AGGRESSIVE;
				CLANG_WARN_UNREACHABLE_CODE = YES;
				CLANG_WARN__DUPLICATE_METHOD_MATCH = YES;
				COPY_PHASE_STRIP = NO;
				DEBUG_INFORMATION_FORMAT = "dwarf-with-dsym";
				ENABLE_NS_ASSERTIONS = NO;
				ENABLE_STRICT_OBJC_MSGSEND = YES;
				GCC_C_LANGUAGE_STANDARD = gnu11;
				GCC_NO_COMMON_BLOCKS = YES;
				GCC_WARN_64_TO_32_BIT_CONVERSION = YES;
				GCC_WARN_ABOUT_RETURN_TYPE = YES_ERROR;
				GCC_WARN_UNDECLARED_SELECTOR = YES;
				GCC_WARN_UNINITIALIZED_AUTOS = YES_AGGRESSIVE;
				GCC_WARN_UNUSED_FUNCTION = YES;
				GCC_WARN_UNUSED_VARIABLE = YES;
				IPHONEOS_DEPLOYMENT_TARGET = 16.4;
				MTL_ENABLE_DEBUG_INFO = NO;
				MTL_FAST_MATH = YES;
				SDKROOT = iphoneos;
				SWIFT_COMPILATION_MODE = wholemodule;
				SWIFT_OPTIMIZATION_LEVEL = "-O";
				VALIDATE_PRODUCT = YES;
			};
			name = Release;
		};
		343F2CC92AA65C7B00277D62 /* Debug */ = {
			isa = XCBuildConfiguration;
			buildSettings = {
				ASSETCATALOG_COMPILER_APPICON_NAME = AppIcon;
				ASSETCATALOG_COMPILER_GLOBAL_ACCENT_COLOR_NAME = AccentColor;
				CODE_SIGN_STYLE = Automatic;
				CURRENT_PROJECT_VERSION = 1;
				DEVELOPMENT_TEAM = KF37U55MQ8;
				GENERATE_INFOPLIST_FILE = YES;
				INFOPLIST_FILE = "RehberUygulaması/Info.plist";
				INFOPLIST_KEY_UIApplicationSupportsIndirectInputEvents = YES;
				INFOPLIST_KEY_UILaunchStoryboardName = LaunchScreen;
				INFOPLIST_KEY_UIMainStoryboardFile = Main;
				INFOPLIST_KEY_UISupportedInterfaceOrientations_iPad = "UIInterfaceOrientationPortrait UIInterfaceOrientationPortraitUpsideDown UIInterfaceOrientationLandscapeLeft UIInterfaceOrientationLandscapeRight";
				INFOPLIST_KEY_UISupportedInterfaceOrientations_iPhone = "UIInterfaceOrientationPortrait UIInterfaceOrientationLandscapeLeft UIInterfaceOrientationLandscapeRight";
				LD_RUNPATH_SEARCH_PATHS = (
					"$(inherited)",
					"@executable_path/Frameworks",
				);
				MARKETING_VERSION = 1.0;
				PRODUCT_BUNDLE_IDENTIFIER = "com.hakansezer.RehberUygulamas-";
				PRODUCT_NAME = "$(TARGET_NAME)";
				SWIFT_EMIT_LOC_STRINGS = YES;
				SWIFT_VERSION = 5.0;
				TARGETED_DEVICE_FAMILY = "1,2";
			};
			name = Debug;
		};
		343F2CCA2AA65C7B00277D62 /* Release */ = {
			isa = XCBuildConfiguration;
			buildSettings = {
				ASSETCATALOG_COMPILER_APPICON_NAME = AppIcon;
				ASSETCATALOG_COMPILER_GLOBAL_ACCENT_COLOR_NAME = AccentColor;
				CODE_SIGN_STYLE = Automatic;
				CURRENT_PROJECT_VERSION = 1;
				DEVELOPMENT_TEAM = KF37U55MQ8;
				GENERATE_INFOPLIST_FILE = YES;
				INFOPLIST_FILE = "RehberUygulaması/Info.plist";
				INFOPLIST_KEY_UIApplicationSupportsIndirectInputEvents = YES;
				INFOPLIST_KEY_UILaunchStoryboardName = LaunchScreen;
				INFOPLIST_KEY_UIMainStoryboardFile = Main;
				INFOPLIST_KEY_UISupportedInterfaceOrientations_iPad = "UIInterfaceOrientationPortrait UIInterfaceOrientationPortraitUpsideDown UIInterfaceOrientationLandscapeLeft UIInterfaceOrientationLandscapeRight";
				INFOPLIST_KEY_UISupportedInterfaceOrientations_iPhone = "UIInterfaceOrientationPortrait UIInterfaceOrientationLandscapeLeft UIInterfaceOrientationLandscapeRight";
				LD_RUNPATH_SEARCH_PATHS = (
					"$(inherited)",
					"@executable_path/Frameworks",
				);
				MARKETING_VERSION = 1.0;
				PRODUCT_BUNDLE_IDENTIFIER = "com.hakansezer.RehberUygulamas-";
				PRODUCT_NAME = "$(TARGET_NAME)";
				SWIFT_EMIT_LOC_STRINGS = YES;
				SWIFT_VERSION = 5.0;
				TARGETED_DEVICE_FAMILY = "1,2";
			};
			name = Release;
		};
/* End XCBuildConfiguration section */

/* Begin XCConfigurationList section */
		343F2CAF2AA65C7A00277D62 /* Build configuration list for PBXProject "RehberUygulaması" */ = {
			isa = XCConfigurationList;
			buildConfigurations = (
				343F2CC62AA65C7B00277D62 /* Debug */,
				343F2CC72AA65C7B00277D62 /* Release */,
			);
			defaultConfigurationIsVisible = 0;
			defaultConfigurationName = Release;
		};
		343F2CC82AA65C7B00277D62 /* Build configuration list for PBXNativeTarget "RehberUygulaması" */ = {
			isa = XCConfigurationList;
			buildConfigurations = (
				343F2CC92AA65C7B00277D62 /* Debug */,
				343F2CCA2AA65C7B00277D62 /* Release */,
			);
			defaultConfigurationIsVisible = 0;
			defaultConfigurationName = Release;
		};
/* End XCConfigurationList section */

/* Begin XCVersionGroup section */
		343F2CDC2AA66DFD00277D62 /* KisilerUygulamasi.xcdatamodeld */ = {
			isa = XCVersionGroup;
			children = (
				343F2CDD2AA66DFD00277D62 /* KisilerUygulamasi.xcdatamodel */,
			);
			currentVersion = 343F2CDD2AA66DFD00277D62 /* KisilerUygulamasi.xcdatamodel */;
			path = KisilerUygulamasi.xcdatamodeld;
			sourceTree = "<group>";
			versionGroupType = wrapper.xcdatamodel;
		};
/* End XCVersionGroup section */
	};
	rootObject = 343F2CAC2AA65C7A00277D62 /* Project object */;
}
